
Microsoft Visual Studio Solution File, Format Version 12.00
# Visual Studio 15
VisualStudioVersion = 15.0.27004.2006
MinimumVisualStudioVersion = 10.0.40219.1
Project("{8BC9CEB8-8B4A-11D0-8D11-00A0C91BC942}") = "task4", "task4\task4.vcxproj", "{E162EDD2-D353-48F9-8187-8915B1D4B384}"
EndProject
Global
	GlobalSection(SolutionConfigurationPlatforms) = preSolution
		Debug|x64 = Debug|x64
		Debug|x86 = Debug|x86
		Release|x64 = Release|x64
		Release|x86 = Release|x86
	EndGlobalSection
	GlobalSection(ProjectConfigurationPlatforms) = postSolution
		{E162EDD2-D353-48F9-8187-8915B1D4B384}.Debug|x64.ActiveCfg = Debug|x64
		{E162EDD2-D353-48F9-8187-8915B1D4B384}.Debug|x64.Build.0 = Debug|x64
		{E162EDD2-D353-48F9-8187-8915B1D4B384}.Debug|x86.ActiveCfg = Debug|Win32
		{E162EDD2-D353-48F9-8187-8915B1D4B384}.Debug|x86.Build.0 = Debug|Win32
		{E162EDD2-D353-48F9-8187-8915B1D4B384}.Release|x64.ActiveCfg = Release|x64
		{E162EDD2-D353-48F9-8187-8915B1D4B384}.Release|x64.Build.0 = Release|x64
		{E162EDD2-D353-48F9-8187-8915B1D4B384}.Release|x86.ActiveCfg = Release|Win32
		{E162EDD2-D353-48F9-8187-8915B1D4B384}.Release|x86.Build.0 = Release|Win32
	EndGlobalSection
	GlobalSection(SolutionProperties) = preSolution
		HideSolutionNode = FALSE
	EndGlobalSection
	GlobalSection(ExtensibilityGlobals) = postSolution
		SolutionGuid = {3B47FDCF-4C79-447D-8456-EDD21276A691}
	EndGlobalSection
EndGlobal
